// !$*UTF8*$!
{
	archiveVersion = 1;
	classes = {
	};
	objectVersion = 56;
	objects = {

/* Begin PBXBuildFile section */
		694869B12B3BA0830058FC8C /* AppDelegate.swift in Sources */ = {isa = PBXBuildFile; fileRef = 694869B02B3BA0830058FC8C /* AppDelegate.swift */; };
		694869B32B3BA0830058FC8C /* SceneDelegate.swift in Sources */ = {isa = PBXBuildFile; fileRef = 694869B22B3BA0830058FC8C /* SceneDelegate.swift */; };
		694869B52B3BA0830058FC8C /* ViewController.swift in Sources */ = {isa = PBXBuildFile; fileRef = 694869B42B3BA0830058FC8C /* ViewController.swift */; };
		694869B82B3BA0830058FC8C /* Main.storyboard in Resources */ = {isa = PBXBuildFile; fileRef = 694869B62B3BA0830058FC8C /* Main.storyboard */; };
		694869BA2B3BA0840058FC8C /* Assets.xcassets in Resources */ = {isa = PBXBuildFile; fileRef = 694869B92B3BA0840058FC8C /* Assets.xcassets */; };
		694869BD2B3BA0840058FC8C /* LaunchScreen.storyboard in Resources */ = {isa = PBXBuildFile; fileRef = 694869BB2B3BA0840058FC8C /* LaunchScreen.storyboard */; };
		69AFA71D2B3CB9AB0099DD2D /* Meme.swift in Sources */ = {isa = PBXBuildFile; fileRef = 69AFA71C2B3CB9AB0099DD2D /* Meme.swift */; };
		69AFA7212B3E69AD0099DD2D /* MemeCollectionViewController.swift in Sources */ = {isa = PBXBuildFile; fileRef = 69AFA7202B3E69AD0099DD2D /* MemeCollectionViewController.swift */; };
		69AFA7232B3E6BA50099DD2D /* MemeTableViewController.swift in Sources */ = {isa = PBXBuildFile; fileRef = 69AFA7222B3E6BA50099DD2D /* MemeTableViewController.swift */; };
		69AFA7252B3E7CF40099DD2D /* MemeCollectionCell.swift in Sources */ = {isa = PBXBuildFile; fileRef = 69AFA7242B3E7CF40099DD2D /* MemeCollectionCell.swift */; };
/* End PBXBuildFile section */

/* Begin PBXFileReference section */
		694869AD2B3BA0830058FC8C /* MemeMe App.app */ = {isa = PBXFileReference; explicitFileType = wrapper.application; includeInIndex = 0; path = "MemeMe App.app"; sourceTree = BUILT_PRODUCTS_DIR; };
		694869B02B3BA0830058FC8C /* AppDelegate.swift */ = {isa = PBXFileReference; lastKnownFileType = sourcecode.swift; path = AppDelegate.swift; sourceTree = "<group>"; };
		694869B22B3BA0830058FC8C /* SceneDelegate.swift */ = {isa = PBXFileReference; lastKnownFileType = sourcecode.swift; path = SceneDelegate.swift; sourceTree = "<group>"; };
		694869B42B3BA0830058FC8C /* ViewController.swift */ = {isa = PBXFileReference; lastKnownFileType = sourcecode.swift; path = ViewController.swift; sourceTree = "<group>"; };
		694869B72B3BA0830058FC8C /* Base */ = {isa = PBXFileReference; lastKnownFileType = file.storyboard; name = Base; path = Base.lproj/Main.storyboard; sourceTree = "<group>"; };
		694869B92B3BA0840058FC8C /* Assets.xcassets */ = {isa = PBXFileReference; lastKnownFileType = folder.assetcatalog; path = Assets.xcassets; sourceTree = "<group>"; };
		694869BC2B3BA0840058FC8C /* Base */ = {isa = PBXFileReference; lastKnownFileType = file.storyboard; name = Base; path = Base.lproj/LaunchScreen.storyboard; sourceTree = "<group>"; };
		694869BE2B3BA0840058FC8C /* Info.plist */ = {isa = PBXFileReference; lastKnownFileType = text.plist.xml; path = Info.plist; sourceTree = "<group>"; };
		69AFA71C2B3CB9AB0099DD2D /* Meme.swift */ = {isa = PBXFileReference; lastKnownFileType = sourcecode.swift; path = Meme.swift; sourceTree = "<group>"; };
		69AFA7202B3E69AD0099DD2D /* MemeCollectionViewController.swift */ = {isa = PBXFileReference; lastKnownFileType = sourcecode.swift; path = MemeCollectionViewController.swift; sourceTree = "<group>"; };
		69AFA7222B3E6BA50099DD2D /* MemeTableViewController.swift */ = {isa = PBXFileReference; lastKnownFileType = sourcecode.swift; path = MemeTableViewController.swift; sourceTree = "<group>"; };
		69AFA7242B3E7CF40099DD2D /* MemeCollectionCell.swift */ = {isa = PBXFileReference; lastKnownFileType = sourcecode.swift; path = MemeCollectionCell.swift; sourceTree = "<group>"; };
/* End PBXFileReference section */

/* Begin PBXFrameworksBuildPhase section */
		694869AA2B3BA0830058FC8C /* Frameworks */ = {
			isa = PBXFrameworksBuildPhase;
			buildActionMask = 2147483647;
			files = (
			);
			runOnlyForDeploymentPostprocessing = 0;
		};
/* End PBXFrameworksBuildPhase section */

/* Begin PBXGroup section */
		694869A42B3BA0830058FC8C = {
			isa = PBXGroup;
			children = (
				694869AF2B3BA0830058FC8C /* MemeMe App */,
				694869AE2B3BA0830058FC8C /* Products */,
			);
			sourceTree = "<group>";
		};
		694869AE2B3BA0830058FC8C /* Products */ = {
			isa = PBXGroup;
			children = (
				694869AD2B3BA0830058FC8C /* MemeMe App.app */,
			);
			name = Products;
			sourceTree = "<group>";
		};
		694869AF2B3BA0830058FC8C /* MemeMe App */ = {
			isa = PBXGroup;
			children = (
				694869B02B3BA0830058FC8C /* AppDelegate.swift */,
				694869B22B3BA0830058FC8C /* SceneDelegate.swift */,
				694869B42B3BA0830058FC8C /* ViewController.swift */,
				694869B62B3BA0830058FC8C /* Main.storyboard */,
				694869B92B3BA0840058FC8C /* Assets.xcassets */,
				694869BB2B3BA0840058FC8C /* LaunchScreen.storyboard */,
				694869BE2B3BA0840058FC8C /* Info.plist */,
				69AFA71C2B3CB9AB0099DD2D /* Meme.swift */,
				69AFA7202B3E69AD0099DD2D /* MemeCollectionViewController.swift */,
				69AFA7222B3E6BA50099DD2D /* MemeTableViewController.swift */,
				69AFA7242B3E7CF40099DD2D /* MemeCollectionCell.swift */,
			);
			path = "MemeMe App";
			sourceTree = "<group>";
		};
/* End PBXGroup section */

/* Begin PBXNativeTarget section */
		694869AC2B3BA0830058FC8C /* MemeMe App */ = {
			isa = PBXNativeTarget;
			buildConfigurationList = 694869C12B3BA0840058FC8C /* Build configuration list for PBXNativeTarget "MemeMe App" */;
			buildPhases = (
				694869A92B3BA0830058FC8C /* Sources */,
				694869AA2B3BA0830058FC8C /* Frameworks */,
				694869AB2B3BA0830058FC8C /* Resources */,
			);
			buildRules = (
			);
			dependencies = (
			);
			name = "MemeMe App";
			productName = "MemeMe App";
			productReference = 694869AD2B3BA0830058FC8C /* MemeMe App.app */;
			productType = "com.apple.product-type.application";
		};
/* End PBXNativeTarget section */

/* Begin PBXProject section */
		694869A52B3BA0830058FC8C /* Project object */ = {
			isa = PBXProject;
			attributes = {
				BuildIndependentTargetsInParallel = 1;
				LastSwiftUpdateCheck = 1510;
				LastUpgradeCheck = 1510;
				TargetAttributes = {
					694869AC2B3BA0830058FC8C = {
						CreatedOnToolsVersion = 15.1;
					};
				};
			};
			buildConfigurationList = 694869A82B3BA0830058FC8C /* Build configuration list for PBXProject "MemeMe App" */;
			compatibilityVersion = "Xcode 14.0";
			developmentRegion = en;
			hasScannedForEncodings = 0;
			knownRegions = (
				en,
				Base,
			);
			mainGroup = 694869A42B3BA0830058FC8C;
			productRefGroup = 694869AE2B3BA0830058FC8C /* Products */;
			projectDirPath = "";
			projectRoot = "";
			targets = (
				694869AC2B3BA0830058FC8C /* MemeMe App */,
			);
		};
/* End PBXProject section */

/* Begin PBXResourcesBuildPhase section */
		694869AB2B3BA0830058FC8C /* Resources */ = {
			isa = PBXResourcesBuildPhase;
			buildActionMask = 2147483647;
			files = (
				694869BD2B3BA0840058FC8C /* LaunchScreen.storyboard in Resources */,
				694869BA2B3BA0840058FC8C /* Assets.xcassets in Resources */,
				694869B82B3BA0830058FC8C /* Main.storyboard in Resources */,
			);
			runOnlyForDeploymentPostprocessing = 0;
		};
/* End PBXResourcesBuildPhase section */

/* Begin PBXSourcesBuildPhase section */
		694869A92B3BA0830058FC8C /* Sources */ = {
			isa = PBXSourcesBuildPhase;
			buildActionMask = 2147483647;
			files = (
				694869B52B3BA0830058FC8C /* ViewController.swift in Sources */,
				69AFA71D2B3CB9AB0099DD2D /* Meme.swift in Sources */,
				69AFA7212B3E69AD0099DD2D /* MemeCollectionViewController.swift in Sources */,
				69AFA7232B3E6BA50099DD2D /* MemeTableViewController.swift in Sources */,
				69AFA7252B3E7CF40099DD2D /* MemeCollectionCell.swift in Sources */,
				694869B12B3BA0830058FC8C /* AppDelegate.swift in Sources */,
				694869B32B3BA0830058FC8C /* SceneDelegate.swift in Sources */,
			);
			runOnlyForDeploymentPostprocessing = 0;
		};
/* End PBXSourcesBuildPhase section */

/* Begin PBXVariantGroup section */
		694869B62B3BA0830058FC8C /* Main.storyboard */ = {
			isa = PBXVariantGroup;
			children = (
				694869B72B3BA0830058FC8C /* Base */,
			);
			name = Main.storyboard;
			sourceTree = "<group>";
		};
		694869BB2B3BA0840058FC8C /* LaunchScreen.storyboard */ = {
			isa = PBXVariantGroup;
			children = (
				694869BC2B3BA0840058FC8C /* Base */,
			);
			name = LaunchScreen.storyboard;
			sourceTree = "<group>";
		};
/* End PBXVariantGroup section */

/* Begin XCBuildConfiguration section */
		694869BF2B3BA0840058FC8C /* Debug */ = {
			isa = XCBuildConfiguration;
			buildSettings = {
				ALWAYS_SEARCH_USER_PATHS = NO;
				ASSETCATALOG_COMPILER_GENERATE_SWIFT_ASSET_SYMBOL_EXTENSIONS = YES;
				CLANG_ANALYZER_NONNULL = YES;
				CLANG_ANALYZER_NUMBER_OBJECT_CONVERSION = YES_AGGRESSIVE;
				CLANG_CXX_LANGUAGE_STANDARD = "gnu++20";
				CLANG_ENABLE_MODULES = YES;
				CLANG_ENABLE_OBJC_ARC = YES;
				CLANG_ENABLE_OBJC_WEAK = YES;
				CLANG_WARN_BLOCK_CAPTURE_AUTORELEASING = YES;
				CLANG_WARN_BOOL_CONVERSION = YES;
				CLANG_WARN_COMMA = YES;
				CLANG_WARN_CONSTANT_CONVERSION = YES;
				CLANG_WARN_DEPRECATED_OBJC_IMPLEMENTATIONS = YES;
				CLANG_WARN_DIRECT_OBJC_ISA_USAGE = YES_ERROR;
				CLANG_WARN_DOCUMENTATION_COMMENTS = YES;
				CLANG_WARN_EMPTY_BODY = YES;
				CLANG_WARN_ENUM_CONVERSION = YES;
				CLANG_WARN_INFINITE_RECURSION = YES;
				CLANG_WARN_INT_CONVERSION = YES;
				CLANG_WARN_NON_LITERAL_NULL_CONVERSION = YES;
				CLANG_WARN_OBJC_IMPLICIT_RETAIN_SELF = YES;
				CLANG_WARN_OBJC_LITERAL_CONVERSION = YES;
				CLANG_WARN_OBJC_ROOT_CLASS = YES_ERROR;
				CLANG_WARN_QUOTED_INCLUDE_IN_FRAMEWORK_HEADER = YES;
				CLANG_WARN_RANGE_LOOP_ANALYSIS = YES;
				CLANG_WARN_STRICT_PROTOTYPES = YES;
				CLANG_WARN_SUSPICIOUS_MOVE = YES;
				CLANG_WARN_UNGUARDED_AVAILABILITY = YES_AGGRESSIVE;
				CLANG_WARN_UNREACHABLE_CODE = YES;
				CLANG_WARN__DUPLICATE_METHOD_MATCH = YES;
				COPY_PHASE_STRIP = NO;
				DEBUG_INFORMATION_FORMAT = dwarf;
				ENABLE_STRICT_OBJC_MSGSEND = YES;
				ENABLE_TESTABILITY = YES;
				ENABLE_USER_SCRIPT_SANDBOXING = YES;
				GCC_C_LANGUAGE_STANDARD = gnu17;
				GCC_DYNAMIC_NO_PIC = NO;
				GCC_NO_COMMON_BLOCKS = YES;
				GCC_OPTIMIZATION_LEVEL = 0;
				GCC_PREPROCESSOR_DEFINITIONS = (
					"DEBUG=1",
					"$(inherited)",
				);
				GCC_WARN_64_TO_32_BIT_CONVERSION = YES;
				GCC_WARN_ABOUT_RETURN_TYPE = YES_ERROR;
				GCC_WARN_UNDECLARED_SELECTOR = YES;
				GCC_WARN_UNINITIALIZED_AUTOS = YES_AGGRESSIVE;
				GCC_WARN_UNUSED_FUNCTION = YES;
				GCC_WARN_UNUSED_VARIABLE = YES;
				IPHONEOS_DEPLOYMENT_TARGET = 17.2;
				LOCALIZATION_PREFERS_STRING_CATALOGS = YES;
				MTL_ENABLE_DEBUG_INFO = INCLUDE_SOURCE;
				MTL_FAST_MATH = YES;
				ONLY_ACTIVE_ARCH = YES;
				SDKROOT = iphoneos;
				SWIFT_ACTIVE_COMPILATION_CONDITIONS = "DEBUG $(inherited)";
				SWIFT_OPTIMIZATION_LEVEL = "-Onone";
			};
			name = Debug;
		};
		694869C02B3BA0840058FC8C /* Release */ = {
			isa = XCBuildConfiguration;
			buildSettings = {
				ALWAYS_SEARCH_USER_PATHS = NO;
				ASSETCATALOG_COMPILER_GENERATE_SWIFT_ASSET_SYMBOL_EXTENSIONS = YES;
				CLANG_ANALYZER_NONNULL = YES;
				CLANG_ANALYZER_NUMBER_OBJECT_CONVERSION = YES_AGGRESSIVE;
				CLANG_CXX_LANGUAGE_STANDARD = "gnu++20";
				CLANG_ENABLE_MODULES = YES;
				CLANG_ENABLE_OBJC_ARC = YES;
				CLANG_ENABLE_OBJC_WEAK = YES;
				CLANG_WARN_BLOCK_CAPTURE_AUTORELEASING = YES;
				CLANG_WARN_BOOL_CONVERSION = YES;
				CLANG_WARN_COMMA = YES;
				CLANG_WARN_CONSTANT_CONVERSION = YES;
				CLANG_WARN_DEPRECATED_OBJC_IMPLEMENTATIONS = YES;
				CLANG_WARN_DIRECT_OBJC_ISA_USAGE = YES_ERROR;
				CLANG_WARN_DOCUMENTATION_COMMENTS = YES;
				CLANG_WARN_EMPTY_BODY = YES;
				CLANG_WARN_ENUM_CONVERSION = YES;
				CLANG_WARN_INFINITE_RECURSION = YES;
				CLANG_WARN_INT_CONVERSION = YES;
				CLANG_WARN_NON_LITERAL_NULL_CONVERSION = YES;
				CLANG_WARN_OBJC_IMPLICIT_RETAIN_SELF = YES;
				CLANG_WARN_OBJC_LITERAL_CONVERSION = YES;
				CLANG_WARN_OBJC_ROOT_CLASS = YES_ERROR;
				CLANG_WARN_QUOTED_INCLUDE_IN_FRAMEWORK_HEADER = YES;
				CLANG_WARN_RANGE_LOOP_ANALYSIS = YES;
				CLANG_WARN_STRICT_PROTOTYPES = YES;
				CLANG_WARN_SUSPICIOUS_MOVE = YES;
				CLANG_WARN_UNGUARDED_AVAILABILITY = YES_AGGRESSIVE;
				CLANG_WARN_UNREACHABLE_CODE = YES;
				CLANG_WARN__DUPLICATE_METHOD_MATCH = YES;
				COPY_PHASE_STRIP = NO;
				DEBUG_INFORMATION_FORMAT = "dwarf-with-dsym";
				ENABLE_NS_ASSERTIONS = NO;
				ENABLE_STRICT_OBJC_MSGSEND = YES;
				ENABLE_USER_SCRIPT_SANDBOXING = YES;
				GCC_C_LANGUAGE_STANDARD = gnu17;
				GCC_NO_COMMON_BLOCKS = YES;
				GCC_WARN_64_TO_32_BIT_CONVERSION = YES;
				GCC_WARN_ABOUT_RETURN_TYPE = YES_ERROR;
				GCC_WARN_UNDECLARED_SELECTOR = YES;
				GCC_WARN_UNINITIALIZED_AUTOS = YES_AGGRESSIVE;
				GCC_WARN_UNUSED_FUNCTION = YES;
				GCC_WARN_UNUSED_VARIABLE = YES;
				IPHONEOS_DEPLOYMENT_TARGET = 17.2;
				LOCALIZATION_PREFERS_STRING_CATALOGS = YES;
				MTL_ENABLE_DEBUG_INFO = NO;
				MTL_FAST_MATH = YES;
				SDKROOT = iphoneos;
				SWIFT_COMPILATION_MODE = wholemodule;
				VALIDATE_PRODUCT = YES;
			};
			name = Release;
		};
		694869C22B3BA0840058FC8C /* Debug */ = {
			isa = XCBuildConfiguration;
			buildSettings = {
				ASSETCATALOG_COMPILER_APPICON_NAME = AppIcon;
				ASSETCATALOG_COMPILER_GLOBAL_ACCENT_COLOR_NAME = AccentColor;
				CODE_SIGN_IDENTITY = "Apple Development";
				CODE_SIGN_STYLE = Automatic;
				CURRENT_PROJECT_VERSION = 1;
				DEVELOPMENT_TEAM = 95HZ6ANQ29;
				GENERATE_INFOPLIST_FILE = YES;
				INFOPLIST_FILE = "MemeMe App/Info.plist";
				INFOPLIST_KEY_NSCameraUsageDescription = "This App needs camera to run";
				INFOPLIST_KEY_NSPhotoLibraryUsageDescription = "This App needs access to photos library";
				INFOPLIST_KEY_UIApplicationSupportsIndirectInputEvents = YES;
				INFOPLIST_KEY_UILaunchStoryboardName = LaunchScreen;
				INFOPLIST_KEY_UIMainStoryboardFile = Main;
				INFOPLIST_KEY_UISupportedInterfaceOrientations_iPad = "UIInterfaceOrientationPortrait UIInterfaceOrientationPortraitUpsideDown UIInterfaceOrientationLandscapeLeft UIInterfaceOrientationLandscapeRight";
				INFOPLIST_KEY_UISupportedInterfaceOrientations_iPhone = "UIInterfaceOrientationPortrait UIInterfaceOrientationLandscapeLeft UIInterfaceOrientationLandscapeRight";
				LD_RUNPATH_SEARCH_PATHS = (
					"$(inherited)",
					"@executable_path/Frameworks",
				);
				MARKETING_VERSION = 1.0;
				PRODUCT_BUNDLE_IDENTIFIER = "com.lucasnpc.MemeMe-App";
				PRODUCT_NAME = "$(TARGET_NAME)";
				PROVISIONING_PROFILE_SPECIFIER = "";
				SWIFT_EMIT_LOC_STRINGS = YES;
				SWIFT_VERSION = 5.0;
				TARGETED_DEVICE_FAMILY = "1,2";
			};
			name = Debug;
		};
		694869C32B3BA0840058FC8C /* Release */ = {
			isa = XCBuildConfiguration;
			buildSettings = {
				ASSETCATALOG_COMPILER_APPICON_NAME = AppIcon;
				ASSETCATALOG_COMPILER_GLOBAL_ACCENT_COLOR_NAME = AccentColor;
				CODE_SIGN_IDENTITY = "Apple Development";
				CODE_SIGN_STYLE = Automatic;
				CURRENT_PROJECT_VERSION = 1;
				DEVELOPMENT_TEAM = 95HZ6ANQ29;
				GENERATE_INFOPLIST_FILE = YES;
				INFOPLIST_FILE = "MemeMe App/Info.plist";
				INFOPLIST_KEY_NSCameraUsageDescription = "This App needs camera to run";
				INFOPLIST_KEY_NSPhotoLibraryUsageDescription = "This App needs access to photos library";
				INFOPLIST_KEY_UIApplicationSupportsIndirectInputEvents = YES;
				INFOPLIST_KEY_UILaunchStoryboardName = LaunchScreen;
				INFOPLIST_KEY_UIMainStoryboardFile = Main;
				INFOPLIST_KEY_UISupportedInterfaceOrientations_iPad = "UIInterfaceOrientationPortrait UIInterfaceOrientationPortraitUpsideDown UIInterfaceOrientationLandscapeLeft UIInterfaceOrientationLandscapeRight";
				INFOPLIST_KEY_UISupportedInterfaceOrientations_iPhone = "UIInterfaceOrientationPortrait UIInterfaceOrientationLandscapeLeft UIInterfaceOrientationLandscapeRight";
				LD_RUNPATH_SEARCH_PATHS = (
					"$(inherited)",
					"@executable_path/Frameworks",
				);
				MARKETING_VERSION = 1.0;
				PRODUCT_BUNDLE_IDENTIFIER = "com.lucasnpc.MemeMe-App";
				PRODUCT_NAME = "$(TARGET_NAME)";
				PROVISIONING_PROFILE_SPECIFIER = "";
				SWIFT_EMIT_LOC_STRINGS = YES;
				SWIFT_VERSION = 5.0;
				TARGETED_DEVICE_FAMILY = "1,2";
			};
			name = Release;
		};
/* End XCBuildConfiguration section */

/* Begin XCConfigurationList section */
		694869A82B3BA0830058FC8C /* Build configuration list for PBXProject "MemeMe App" */ = {
			isa = XCConfigurationList;
			buildConfigurations = (
				694869BF2B3BA0840058FC8C /* Debug */,
				694869C02B3BA0840058FC8C /* Release */,
			);
			defaultConfigurationIsVisible = 0;
			defaultConfigurationName = Release;
		};
		694869C12B3BA0840058FC8C /* Build configuration list for PBXNativeTarget "MemeMe App" */ = {
			isa = XCConfigurationList;
			buildConfigurations = (
				694869C22B3BA0840058FC8C /* Debug */,
				694869C32B3BA0840058FC8C /* Release */,
			);
			defaultConfigurationIsVisible = 0;
			defaultConfigurationName = Release;
		};
/* End XCConfigurationList section */
	};
	rootObject = 694869A52B3BA0830058FC8C /* Project object */;
}
